// !$*UTF8*$!
{
	archiveVersion = 1;
	classes = {
	};
	objectVersion = 55;
	objects = {

/* Begin PBXBuildFile section */
		734904042882089F004ED255 /* EditEventView.swift in Sources */ = {isa = PBXBuildFile; fileRef = 734904032882089F004ED255 /* EditEventView.swift */; };
		738B04A02885E7A300F227DB /* ReadEventView.swift in Sources */ = {isa = PBXBuildFile; fileRef = 738B049F2885E7A300F227DB /* ReadEventView.swift */; };
		739A7451287DFD71003AB6D8 /* CalendarView.swift in Sources */ = {isa = PBXBuildFile; fileRef = 739A7450287DFD71003AB6D8 /* CalendarView.swift */; };
		73C7FBDE287CA1BE00E401B2 /* Fantasy_CalendarApp.swift in Sources */ = {isa = PBXBuildFile; fileRef = 73C7FBDD287CA1BE00E401B2 /* Fantasy_CalendarApp.swift */; };
		73C7FBE0287CA1BE00E401B2 /* ContentView.swift in Sources */ = {isa = PBXBuildFile; fileRef = 73C7FBDF287CA1BE00E401B2 /* ContentView.swift */; };
		73C7FBE2287CA1BE00E401B2 /* Assets.xcassets in Resources */ = {isa = PBXBuildFile; fileRef = 73C7FBE1287CA1BE00E401B2 /* Assets.xcassets */; };
		73C7FBE5287CA1BE00E401B2 /* Preview Assets.xcassets in Resources */ = {isa = PBXBuildFile; fileRef = 73C7FBE4287CA1BE00E401B2 /* Preview Assets.xcassets */; };
		73C7FBEC287CA20400E401B2 /* CalendarData.swift in Sources */ = {isa = PBXBuildFile; fileRef = 73C7FBEB287CA20400E401B2 /* CalendarData.swift */; };
		73C7FBEE287CA5D400E401B2 /* CalendarData-ViewModel.swift in Sources */ = {isa = PBXBuildFile; fileRef = 73C7FBED287CA5D400E401B2 /* CalendarData-ViewModel.swift */; };
		73C7FBF0287CA78800E401B2 /* FileManager-DocumentDirectory.swift in Sources */ = {isa = PBXBuildFile; fileRef = 73C7FBEF287CA78800E401B2 /* FileManager-DocumentDirectory.swift */; };
		73C7FBF2287CD37D00E401B2 /* ExampleData.json in Resources */ = {isa = PBXBuildFile; fileRef = 73C7FBF1287CD37D00E401B2 /* ExampleData.json */; };
		73C7FBF4287CD54C00E401B2 /* Bundle-Decodable.swift in Sources */ = {isa = PBXBuildFile; fileRef = 73C7FBF3287CD54C00E401B2 /* Bundle-Decodable.swift */; };
/* End PBXBuildFile section */

/* Begin PBXFileReference section */
		734904032882089F004ED255 /* EditEventView.swift */ = {isa = PBXFileReference; lastKnownFileType = sourcecode.swift; path = EditEventView.swift; sourceTree = "<group>"; };
		738B049F2885E7A300F227DB /* ReadEventView.swift */ = {isa = PBXFileReference; lastKnownFileType = sourcecode.swift; path = ReadEventView.swift; sourceTree = "<group>"; };
		739A7450287DFD71003AB6D8 /* CalendarView.swift */ = {isa = PBXFileReference; lastKnownFileType = sourcecode.swift; path = CalendarView.swift; sourceTree = "<group>"; };
		73C7FBDA287CA1BE00E401B2 /* Fantasy Calendar.app */ = {isa = PBXFileReference; explicitFileType = wrapper.application; includeInIndex = 0; path = "Fantasy Calendar.app"; sourceTree = BUILT_PRODUCTS_DIR; };
		73C7FBDD287CA1BE00E401B2 /* Fantasy_CalendarApp.swift */ = {isa = PBXFileReference; lastKnownFileType = sourcecode.swift; path = Fantasy_CalendarApp.swift; sourceTree = "<group>"; };
		73C7FBDF287CA1BE00E401B2 /* ContentView.swift */ = {isa = PBXFileReference; lastKnownFileType = sourcecode.swift; path = ContentView.swift; sourceTree = "<group>"; };
		73C7FBE1287CA1BE00E401B2 /* Assets.xcassets */ = {isa = PBXFileReference; lastKnownFileType = folder.assetcatalog; path = Assets.xcassets; sourceTree = "<group>"; };
		73C7FBE4287CA1BE00E401B2 /* Preview Assets.xcassets */ = {isa = PBXFileReference; lastKnownFileType = folder.assetcatalog; path = "Preview Assets.xcassets"; sourceTree = "<group>"; };
		73C7FBEB287CA20400E401B2 /* CalendarData.swift */ = {isa = PBXFileReference; lastKnownFileType = sourcecode.swift; path = CalendarData.swift; sourceTree = "<group>"; };
		73C7FBED287CA5D400E401B2 /* CalendarData-ViewModel.swift */ = {isa = PBXFileReference; lastKnownFileType = sourcecode.swift; path = "CalendarData-ViewModel.swift"; sourceTree = "<group>"; };
		73C7FBEF287CA78800E401B2 /* FileManager-DocumentDirectory.swift */ = {isa = PBXFileReference; lastKnownFileType = sourcecode.swift; path = "FileManager-DocumentDirectory.swift"; sourceTree = "<group>"; };
		73C7FBF1287CD37D00E401B2 /* ExampleData.json */ = {isa = PBXFileReference; lastKnownFileType = text.json; path = ExampleData.json; sourceTree = "<group>"; };
		73C7FBF3287CD54C00E401B2 /* Bundle-Decodable.swift */ = {isa = PBXFileReference; lastKnownFileType = sourcecode.swift; path = "Bundle-Decodable.swift"; sourceTree = "<group>"; };
/* End PBXFileReference section */

/* Begin PBXFrameworksBuildPhase section */
		73C7FBD7287CA1BE00E401B2 /* Frameworks */ = {
			isa = PBXFrameworksBuildPhase;
			buildActionMask = 2147483647;
			files = (
			);
			runOnlyForDeploymentPostprocessing = 0;
		};
/* End PBXFrameworksBuildPhase section */

/* Begin PBXGroup section */
		73C7FBD1287CA1BE00E401B2 = {
			isa = PBXGroup;
			children = (
				73C7FBDC287CA1BE00E401B2 /* Fantasy Calendar */,
				73C7FBDB287CA1BE00E401B2 /* Products */,
			);
			sourceTree = "<group>";
		};
		73C7FBDB287CA1BE00E401B2 /* Products */ = {
			isa = PBXGroup;
			children = (
				73C7FBDA287CA1BE00E401B2 /* Fantasy Calendar.app */,
			);
			name = Products;
			sourceTree = "<group>";
		};
		73C7FBDC287CA1BE00E401B2 /* Fantasy Calendar */ = {
			isa = PBXGroup;
			children = (
				73C7FBDD287CA1BE00E401B2 /* Fantasy_CalendarApp.swift */,
				73C7FBDF287CA1BE00E401B2 /* ContentView.swift */,
				739A7450287DFD71003AB6D8 /* CalendarView.swift */,
				734904032882089F004ED255 /* EditEventView.swift */,
				738B049F2885E7A300F227DB /* ReadEventView.swift */,
				73C7FBE1287CA1BE00E401B2 /* Assets.xcassets */,
				73C7FBE3287CA1BE00E401B2 /* Preview Content */,
				73C7FBED287CA5D400E401B2 /* CalendarData-ViewModel.swift */,
				73C7FBEB287CA20400E401B2 /* CalendarData.swift */,
				73C7FBEF287CA78800E401B2 /* FileManager-DocumentDirectory.swift */,
				73C7FBF3287CD54C00E401B2 /* Bundle-Decodable.swift */,
				73C7FBF1287CD37D00E401B2 /* ExampleData.json */,
			);
			path = "Fantasy Calendar";
			sourceTree = "<group>";
		};
		73C7FBE3287CA1BE00E401B2 /* Preview Content */ = {
			isa = PBXGroup;
			children = (
				73C7FBE4287CA1BE00E401B2 /* Preview Assets.xcassets */,
			);
			path = "Preview Content";
			sourceTree = "<group>";
		};
/* End PBXGroup section */

/* Begin PBXNativeTarget section */
		73C7FBD9287CA1BE00E401B2 /* Fantasy Calendar */ = {
			isa = PBXNativeTarget;
			buildConfigurationList = 73C7FBE8287CA1BE00E401B2 /* Build configuration list for PBXNativeTarget "Fantasy Calendar" */;
			buildPhases = (
				73C7FBD6287CA1BE00E401B2 /* Sources */,
				73C7FBD7287CA1BE00E401B2 /* Frameworks */,
				73C7FBD8287CA1BE00E401B2 /* Resources */,
			);
			buildRules = (
			);
			dependencies = (
			);
			name = "Fantasy Calendar";
			productName = "Fantasy Calendar";
			productReference = 73C7FBDA287CA1BE00E401B2 /* Fantasy Calendar.app */;
			productType = "com.apple.product-type.application";
		};
/* End PBXNativeTarget section */

/* Begin PBXProject section */
		73C7FBD2287CA1BE00E401B2 /* Project object */ = {
			isa = PBXProject;
			attributes = {
				BuildIndependentTargetsInParallel = 1;
				LastSwiftUpdateCheck = 1340;
				LastUpgradeCheck = 1340;
				TargetAttributes = {
					73C7FBD9287CA1BE00E401B2 = {
						CreatedOnToolsVersion = 13.4.1;
					};
				};
			};
			buildConfigurationList = 73C7FBD5287CA1BE00E401B2 /* Build configuration list for PBXProject "Fantasy Calendar" */;
			compatibilityVersion = "Xcode 13.0";
			developmentRegion = en;
			hasScannedForEncodings = 0;
			knownRegions = (
				en,
				Base,
			);
			mainGroup = 73C7FBD1287CA1BE00E401B2;
			productRefGroup = 73C7FBDB287CA1BE00E401B2 /* Products */;
			projectDirPath = "";
			projectRoot = "";
			targets = (
				73C7FBD9287CA1BE00E401B2 /* Fantasy Calendar */,
			);
		};
/* End PBXProject section */

/* Begin PBXResourcesBuildPhase section */
		73C7FBD8287CA1BE00E401B2 /* Resources */ = {
			isa = PBXResourcesBuildPhase;
			buildActionMask = 2147483647;
			files = (
				73C7FBE5287CA1BE00E401B2 /* Preview Assets.xcassets in Resources */,
				73C7FBE2287CA1BE00E401B2 /* Assets.xcassets in Resources */,
				73C7FBF2287CD37D00E401B2 /* ExampleData.json in Resources */,
			);
			runOnlyForDeploymentPostprocessing = 0;
		};
/* End PBXResourcesBuildPhase section */

/* Begin PBXSourcesBuildPhase section */
		73C7FBD6287CA1BE00E401B2 /* Sources */ = {
			isa = PBXSourcesBuildPhase;
			buildActionMask = 2147483647;
			files = (
				73C7FBEE287CA5D400E401B2 /* CalendarData-ViewModel.swift in Sources */,
				734904042882089F004ED255 /* EditEventView.swift in Sources */,
				739A7451287DFD71003AB6D8 /* CalendarView.swift in Sources */,
				73C7FBE0287CA1BE00E401B2 /* ContentView.swift in Sources */,
				738B04A02885E7A300F227DB /* ReadEventView.swift in Sources */,
				73C7FBF0287CA78800E401B2 /* FileManager-DocumentDirectory.swift in Sources */,
				73C7FBEC287CA20400E401B2 /* CalendarData.swift in Sources */,
				73C7FBDE287CA1BE00E401B2 /* Fantasy_CalendarApp.swift in Sources */,
				73C7FBF4287CD54C00E401B2 /* Bundle-Decodable.swift in Sources */,
			);
			runOnlyForDeploymentPostprocessing = 0;
		};
/* End PBXSourcesBuildPhase section */

/* Begin XCBuildConfiguration section */
		73C7FBE6287CA1BE00E401B2 /* Debug */ = {
			isa = XCBuildConfiguration;
			buildSettings = {
				ALWAYS_SEARCH_USER_PATHS = NO;
				CLANG_ANALYZER_NONNULL = YES;
				CLANG_ANALYZER_NUMBER_OBJECT_CONVERSION = YES_AGGRESSIVE;
				CLANG_CXX_LANGUAGE_STANDARD = "gnu++17";
				CLANG_ENABLE_MODULES = YES;
				CLANG_ENABLE_OBJC_ARC = YES;
				CLANG_ENABLE_OBJC_WEAK = YES;
				CLANG_WARN_BLOCK_CAPTURE_AUTORELEASING = YES;
				CLANG_WARN_BOOL_CONVERSION = YES;
				CLANG_WARN_COMMA = YES;
				CLANG_WARN_CONSTANT_CONVERSION = YES;
				CLANG_WARN_DEPRECATED_OBJC_IMPLEMENTATIONS = YES;
				CLANG_WARN_DIRECT_OBJC_ISA_USAGE = YES_ERROR;
				CLANG_WARN_DOCUMENTATION_COMMENTS = YES;
				CLANG_WARN_EMPTY_BODY = YES;
				CLANG_WARN_ENUM_CONVERSION = YES;
				CLANG_WARN_INFINITE_RECURSION = YES;
				CLANG_WARN_INT_CONVERSION = YES;
				CLANG_WARN_NON_LITERAL_NULL_CONVERSION = YES;
				CLANG_WARN_OBJC_IMPLICIT_RETAIN_SELF = YES;
				CLANG_WARN_OBJC_LITERAL_CONVERSION = YES;
				CLANG_WARN_OBJC_ROOT_CLASS = YES_ERROR;
				CLANG_WARN_QUOTED_INCLUDE_IN_FRAMEWORK_HEADER = YES;
				CLANG_WARN_RANGE_LOOP_ANALYSIS = YES;
				CLANG_WARN_STRICT_PROTOTYPES = YES;
				CLANG_WARN_SUSPICIOUS_MOVE = YES;
				CLANG_WARN_UNGUARDED_AVAILABILITY = YES_AGGRESSIVE;
				CLANG_WARN_UNREACHABLE_CODE = YES;
				CLANG_WARN__DUPLICATE_METHOD_MATCH = YES;
				COPY_PHASE_STRIP = NO;
				DEBUG_INFORMATION_FORMAT = dwarf;
				ENABLE_STRICT_OBJC_MSGSEND = YES;
				ENABLE_TESTABILITY = YES;
				GCC_C_LANGUAGE_STANDARD = gnu11;
				GCC_DYNAMIC_NO_PIC = NO;
				GCC_NO_COMMON_BLOCKS = YES;
				GCC_OPTIMIZATION_LEVEL = 0;
				GCC_PREPROCESSOR_DEFINITIONS = (
					"DEBUG=1",
					"$(inherited)",
				);
				GCC_WARN_64_TO_32_BIT_CONVERSION = YES;
				GCC_WARN_ABOUT_RETURN_TYPE = YES_ERROR;
				GCC_WARN_UNDECLARED_SELECTOR = YES;
				GCC_WARN_UNINITIALIZED_AUTOS = YES_AGGRESSIVE;
				GCC_WARN_UNUSED_FUNCTION = YES;
				GCC_WARN_UNUSED_VARIABLE = YES;
				IPHONEOS_DEPLOYMENT_TARGET = 15.5;
				MTL_ENABLE_DEBUG_INFO = INCLUDE_SOURCE;
				MTL_FAST_MATH = YES;
				ONLY_ACTIVE_ARCH = YES;
				SDKROOT = iphoneos;
				SWIFT_ACTIVE_COMPILATION_CONDITIONS = DEBUG;
				SWIFT_OPTIMIZATION_LEVEL = "-Onone";
			};
			name = Debug;
		};
		73C7FBE7287CA1BE00E401B2 /* Release */ = {
			isa = XCBuildConfiguration;
			buildSettings = {
				ALWAYS_SEARCH_USER_PATHS = NO;
				CLANG_ANALYZER_NONNULL = YES;
				CLANG_ANALYZER_NUMBER_OBJECT_CONVERSION = YES_AGGRESSIVE;
				CLANG_CXX_LANGUAGE_STANDARD = "gnu++17";
				CLANG_ENABLE_MODULES = YES;
				CLANG_ENABLE_OBJC_ARC = YES;
				CLANG_ENABLE_OBJC_WEAK = YES;
				CLANG_WARN_BLOCK_CAPTURE_AUTORELEASING = YES;
				CLANG_WARN_BOOL_CONVERSION = YES;
				CLANG_WARN_COMMA = YES;
				CLANG_WARN_CONSTANT_CONVERSION = YES;
				CLANG_WARN_DEPRECATED_OBJC_IMPLEMENTATIONS = YES;
				CLANG_WARN_DIRECT_OBJC_ISA_USAGE = YES_ERROR;
				CLANG_WARN_DOCUMENTATION_COMMENTS = YES;
				CLANG_WARN_EMPTY_BODY = YES;
				CLANG_WARN_ENUM_CONVERSION = YES;
				CLANG_WARN_INFINITE_RECURSION = YES;
				CLANG_WARN_INT_CONVERSION = YES;
				CLANG_WARN_NON_LITERAL_NULL_CONVERSION = YES;
				CLANG_WARN_OBJC_IMPLICIT_RETAIN_SELF = YES;
				CLANG_WARN_OBJC_LITERAL_CONVERSION = YES;
				CLANG_WARN_OBJC_ROOT_CLASS = YES_ERROR;
				CLANG_WARN_QUOTED_INCLUDE_IN_FRAMEWORK_HEADER = YES;
				CLANG_WARN_RANGE_LOOP_ANALYSIS = YES;
				CLANG_WARN_STRICT_PROTOTYPES = YES;
				CLANG_WARN_SUSPICIOUS_MOVE = YES;
				CLANG_WARN_UNGUARDED_AVAILABILITY = YES_AGGRESSIVE;
				CLANG_WARN_UNREACHABLE_CODE = YES;
				CLANG_WARN__DUPLICATE_METHOD_MATCH = YES;
				COPY_PHASE_STRIP = NO;
				DEBUG_INFORMATION_FORMAT = "dwarf-with-dsym";
				ENABLE_NS_ASSERTIONS = NO;
				ENABLE_STRICT_OBJC_MSGSEND = YES;
				GCC_C_LANGUAGE_STANDARD = gnu11;
				GCC_NO_COMMON_BLOCKS = YES;
				GCC_WARN_64_TO_32_BIT_CONVERSION = YES;
				GCC_WARN_ABOUT_RETURN_TYPE = YES_ERROR;
				GCC_WARN_UNDECLARED_SELECTOR = YES;
				GCC_WARN_UNINITIALIZED_AUTOS = YES_AGGRESSIVE;
				GCC_WARN_UNUSED_FUNCTION = YES;
				GCC_WARN_UNUSED_VARIABLE = YES;
				IPHONEOS_DEPLOYMENT_TARGET = 15.5;
				MTL_ENABLE_DEBUG_INFO = NO;
				MTL_FAST_MATH = YES;
				SDKROOT = iphoneos;
				SWIFT_COMPILATION_MODE = wholemodule;
				SWIFT_OPTIMIZATION_LEVEL = "-O";
				VALIDATE_PRODUCT = YES;
			};
			name = Release;
		};
		73C7FBE9287CA1BE00E401B2 /* Debug */ = {
			isa = XCBuildConfiguration;
			buildSettings = {
				ASSETCATALOG_COMPILER_APPICON_NAME = AppIcon;
				ASSETCATALOG_COMPILER_GLOBAL_ACCENT_COLOR_NAME = AccentColor;
				CODE_SIGN_STYLE = Automatic;
				CURRENT_PROJECT_VERSION = 1;
				DEVELOPMENT_ASSET_PATHS = "\"Fantasy Calendar/Preview Content\"";
				DEVELOPMENT_TEAM = F4APFPN2XP;
				ENABLE_PREVIEWS = YES;
				GENERATE_INFOPLIST_FILE = YES;
				INFOPLIST_KEY_UIApplicationSceneManifest_Generation = YES;
				INFOPLIST_KEY_UIApplicationSupportsIndirectInputEvents = YES;
				INFOPLIST_KEY_UILaunchScreen_Generation = YES;
				INFOPLIST_KEY_UISupportedInterfaceOrientations_iPad = "UIInterfaceOrientationPortrait UIInterfaceOrientationPortraitUpsideDown UIInterfaceOrientationLandscapeLeft UIInterfaceOrientationLandscapeRight";
				INFOPLIST_KEY_UISupportedInterfaceOrientations_iPhone = "UIInterfaceOrientationPortrait UIInterfaceOrientationLandscapeLeft UIInterfaceOrientationLandscapeRight";
				LD_RUNPATH_SEARCH_PATHS = (
					"$(inherited)",
					"@executable_path/Frameworks",
				);
				MARKETING_VERSION = 1.0;
				PRODUCT_BUNDLE_IDENTIFIER = "me.bradyrobshaw.Fantasy-Calendar";
				PRODUCT_NAME = "$(TARGET_NAME)";
				SWIFT_EMIT_LOC_STRINGS = YES;
				SWIFT_VERSION = 5.0;
				TARGETED_DEVICE_FAMILY = "1,2";
			};
			name = Debug;
		};
		73C7FBEA287CA1BE00E401B2 /* Release */ = {
			isa = XCBuildConfiguration;
			buildSettings = {
				ASSETCATALOG_COMPILER_APPICON_NAME = AppIcon;
				ASSETCATALOG_COMPILER_GLOBAL_ACCENT_COLOR_NAME = AccentColor;
				CODE_SIGN_STYLE = Automatic;
				CURRENT_PROJECT_VERSION = 1;
				DEVELOPMENT_ASSET_PATHS = "\"Fantasy Calendar/Preview Content\"";
				DEVELOPMENT_TEAM = F4APFPN2XP;
				ENABLE_PREVIEWS = YES;
				GENERATE_INFOPLIST_FILE = YES;
				INFOPLIST_KEY_UIApplicationSceneManifest_Generation = YES;
				INFOPLIST_KEY_UIApplicationSupportsIndirectInputEvents = YES;
				INFOPLIST_KEY_UILaunchScreen_Generation = YES;
				INFOPLIST_KEY_UISupportedInterfaceOrientations_iPad = "UIInterfaceOrientationPortrait UIInterfaceOrientationPortraitUpsideDown UIInterfaceOrientationLandscapeLeft UIInterfaceOrientationLandscapeRight";
				INFOPLIST_KEY_UISupportedInterfaceOrientations_iPhone = "UIInterfaceOrientationPortrait UIInterfaceOrientationLandscapeLeft UIInterfaceOrientationLandscapeRight";
				LD_RUNPATH_SEARCH_PATHS = (
					"$(inherited)",
					"@executable_path/Frameworks",
				);
				MARKETING_VERSION = 1.0;
				PRODUCT_BUNDLE_IDENTIFIER = "me.bradyrobshaw.Fantasy-Calendar";
				PRODUCT_NAME = "$(TARGET_NAME)";
				SWIFT_EMIT_LOC_STRINGS = YES;
				SWIFT_VERSION = 5.0;
				TARGETED_DEVICE_FAMILY = "1,2";
			};
			name = Release;
		};
/* End XCBuildConfiguration section */

/* Begin XCConfigurationList section */
		73C7FBD5287CA1BE00E401B2 /* Build configuration list for PBXProject "Fantasy Calendar" */ = {
			isa = XCConfigurationList;
			buildConfigurations = (
				73C7FBE6287CA1BE00E401B2 /* Debug */,
				73C7FBE7287CA1BE00E401B2 /* Release */,
			);
			defaultConfigurationIsVisible = 0;
			defaultConfigurationName = Release;
		};
		73C7FBE8287CA1BE00E401B2 /* Build configuration list for PBXNativeTarget "Fantasy Calendar" */ = {
			isa = XCConfigurationList;
			buildConfigurations = (
				73C7FBE9287CA1BE00E401B2 /* Debug */,
				73C7FBEA287CA1BE00E401B2 /* Release */,
			);
			defaultConfigurationIsVisible = 0;
			defaultConfigurationName = Release;
		};
/* End XCConfigurationList section */
	};
	rootObject = 73C7FBD2287CA1BE00E401B2 /* Project object */;
}
